
Microsoft Visual Studio Solution File, Format Version 12.00
# Visual Studio Version 17
VisualStudioVersion = 17.7.33808.371
MinimumVisualStudioVersion = 10.0.40219.1
Project("{FAE04EC0-301F-11D3-BF4B-00C04F79EFBC}") = "EF_Demo3", "EF_Demo3\EF_Demo3.csproj", "{1475381C-B9F2-4C89-9C6D-4B96AC1F33BA}"
EndProject
Global
	GlobalSection(SolutionConfigurationPlatforms) = preSolution
		Debug|Any CPU = Debug|Any CPU
		Release|Any CPU = Release|Any CPU
	EndGlobalSection
	GlobalSection(ProjectConfigurationPlatforms) = postSolution
		{1475381C-B9F2-4C89-9C6D-4B96AC1F33BA}.Debug|Any CPU.ActiveCfg = Debug|Any CPU
		{1475381C-B9F2-4C89-9C6D-4B96AC1F33BA}.Debug|Any CPU.Build.0 = Debug|Any CPU
		{1475381C-B9F2-4C89-9C6D-4B96AC1F33BA}.Release|Any CPU.ActiveCfg = Release|Any CPU
		{1475381C-B9F2-4C89-9C6D-4B96AC1F33BA}.Release|Any CPU.Build.0 = Release|Any CPU
	EndGlobalSection
	GlobalSection(SolutionProperties) = preSolution
		HideSolutionNode = FALSE
	EndGlobalSection
	GlobalSection(ExtensibilityGlobals) = postSolution
		SolutionGuid = {9978F828-ACDC-41BD-BB74-C814AF0631DE}
	EndGlobalSection
EndGlobal
