
Microsoft Visual Studio Solution File, Format Version 12.00
# Visual Studio Version 17
VisualStudioVersion = 17.5.33530.505
MinimumVisualStudioVersion = 10.0.40219.1
Project("{FAE04EC0-301F-11D3-BF4B-00C04F79EFBC}") = "Practical_1", "Practical_1\Practical_1.csproj", "{E09A373B-BDC2-46DC-B2B3-5D490727E02B}"
EndProject
Global
	GlobalSection(SolutionConfigurationPlatforms) = preSolution
		Debug|Any CPU = Debug|Any CPU
		Release|Any CPU = Release|Any CPU
	EndGlobalSection
	GlobalSection(ProjectConfigurationPlatforms) = postSolution
		{E09A373B-BDC2-46DC-B2B3-5D490727E02B}.Debug|Any CPU.ActiveCfg = Debug|Any CPU
		{E09A373B-BDC2-46DC-B2B3-5D490727E02B}.Debug|Any CPU.Build.0 = Debug|Any CPU
		{E09A373B-BDC2-46DC-B2B3-5D490727E02B}.Release|Any CPU.ActiveCfg = Release|Any CPU
		{E09A373B-BDC2-46DC-B2B3-5D490727E02B}.Release|Any CPU.Build.0 = Release|Any CPU
	EndGlobalSection
	GlobalSection(SolutionProperties) = preSolution
		HideSolutionNode = FALSE
	EndGlobalSection
	GlobalSection(ExtensibilityGlobals) = postSolution
		SolutionGuid = {CB7544D6-DBA8-4198-8068-69119D651C8E}
	EndGlobalSection
EndGlobal
