
Microsoft Visual Studio Solution File, Format Version 12.00
# Visual Studio Version 17
VisualStudioVersion = 17.6.33717.318
MinimumVisualStudioVersion = 10.0.40219.1
Project("{FAE04EC0-301F-11D3-BF4B-00C04F79EFBC}") = "QuantifierLinq", "QuantifierLinq\QuantifierLinq.csproj", "{A739901A-8772-440C-8B53-069D152DAD7C}"
EndProject
Global
	GlobalSection(SolutionConfigurationPlatforms) = preSolution
		Debug|Any CPU = Debug|Any CPU
		Release|Any CPU = Release|Any CPU
	EndGlobalSection
	GlobalSection(ProjectConfigurationPlatforms) = postSolution
		{A739901A-8772-440C-8B53-069D152DAD7C}.Debug|Any CPU.ActiveCfg = Debug|Any CPU
		{A739901A-8772-440C-8B53-069D152DAD7C}.Debug|Any CPU.Build.0 = Debug|Any CPU
		{A739901A-8772-440C-8B53-069D152DAD7C}.Release|Any CPU.ActiveCfg = Release|Any CPU
		{A739901A-8772-440C-8B53-069D152DAD7C}.Release|Any CPU.Build.0 = Release|Any CPU
	EndGlobalSection
	GlobalSection(SolutionProperties) = preSolution
		HideSolutionNode = FALSE
	EndGlobalSection
	GlobalSection(ExtensibilityGlobals) = postSolution
		SolutionGuid = {11B4220A-98DD-4AEF-8FCB-1E34B2710582}
	EndGlobalSection
EndGlobal
