
Microsoft Visual Studio Solution File, Format Version 12.00
# Visual Studio Version 17
VisualStudioVersion = 17.7.33808.371
MinimumVisualStudioVersion = 10.0.40219.1
Project("{FAE04EC0-301F-11D3-BF4B-00C04F79EFBC}") = "qwertyui", "qwertyui\qwertyui.csproj", "{28288296-74F5-458A-B535-01D75ED626FD}"
EndProject
Global
	GlobalSection(SolutionConfigurationPlatforms) = preSolution
		Debug|Any CPU = Debug|Any CPU
		Release|Any CPU = Release|Any CPU
	EndGlobalSection
	GlobalSection(ProjectConfigurationPlatforms) = postSolution
		{28288296-74F5-458A-B535-01D75ED626FD}.Debug|Any CPU.ActiveCfg = Debug|Any CPU
		{28288296-74F5-458A-B535-01D75ED626FD}.Debug|Any CPU.Build.0 = Debug|Any CPU
		{28288296-74F5-458A-B535-01D75ED626FD}.Release|Any CPU.ActiveCfg = Release|Any CPU
		{28288296-74F5-458A-B535-01D75ED626FD}.Release|Any CPU.Build.0 = Release|Any CPU
	EndGlobalSection
	GlobalSection(SolutionProperties) = preSolution
		HideSolutionNode = FALSE
	EndGlobalSection
	GlobalSection(ExtensibilityGlobals) = postSolution
		SolutionGuid = {9F5DA1C8-17C0-4648-86DF-BAE0B46C1F5C}
	EndGlobalSection
EndGlobal
