
Microsoft Visual Studio Solution File, Format Version 12.00
# Visual Studio Version 16
VisualStudioVersion = 16.0.33801.447
MinimumVisualStudioVersion = 10.0.40219.1
Project("{FAE04EC0-301F-11D3-BF4B-00C04F79EFBC}") = "efdemo333", "efdemo333\efdemo333.csproj", "{22110263-1990-4D79-A44C-A1674F9F7C0E}"
EndProject
Global
	GlobalSection(SolutionConfigurationPlatforms) = preSolution
		Debug|Any CPU = Debug|Any CPU
		Release|Any CPU = Release|Any CPU
	EndGlobalSection
	GlobalSection(ProjectConfigurationPlatforms) = postSolution
		{22110263-1990-4D79-A44C-A1674F9F7C0E}.Debug|Any CPU.ActiveCfg = Debug|Any CPU
		{22110263-1990-4D79-A44C-A1674F9F7C0E}.Debug|Any CPU.Build.0 = Debug|Any CPU
		{22110263-1990-4D79-A44C-A1674F9F7C0E}.Release|Any CPU.ActiveCfg = Release|Any CPU
		{22110263-1990-4D79-A44C-A1674F9F7C0E}.Release|Any CPU.Build.0 = Release|Any CPU
	EndGlobalSection
	GlobalSection(SolutionProperties) = preSolution
		HideSolutionNode = FALSE
	EndGlobalSection
	GlobalSection(ExtensibilityGlobals) = postSolution
		SolutionGuid = {EA72CB0E-495F-4370-91D0-B7D6EFBB8739}
	EndGlobalSection
EndGlobal
